// !$*UTF8*$!
{
	archiveVersion = 1;
	classes = {
	};
	objectVersion = 55;
	objects = {

/* Begin PBXBuildFile section */
		0413455B28E2A9D70077D123 /* RMSpid.swift in Sources */ = {isa = PBXBuildFile; fileRef = 0413455A28E2A9D70077D123 /* RMSpid.swift */; };
		0413455F28E2B6170077D123 /* Realm+Extension.swift in Sources */ = {isa = PBXBuildFile; fileRef = 0413455E28E2B6170077D123 /* Realm+Extension.swift */; };
		0413456628E2C9CA0077D123 /* RealmRepresentable.swift in Sources */ = {isa = PBXBuildFile; fileRef = 0413456528E2C9CA0077D123 /* RealmRepresentable.swift */; };
		0415CCF32880143E008967F9 /* ViewModelType.swift in Sources */ = {isa = PBXBuildFile; fileRef = 0415CCF22880143E008967F9 /* ViewModelType.swift */; };
		04213A0B2869A9E600C50CFC /* IntroViewController.swift in Sources */ = {isa = PBXBuildFile; fileRef = 04213A0A2869A9E600C50CFC /* IntroViewController.swift */; };
		043181B628BFAE87000A81C5 /* APIEndpoints.swift in Sources */ = {isa = PBXBuildFile; fileRef = 043181B528BFAE87000A81C5 /* APIEndpoints.swift */; };
		044532EB28E273BB00C0B08F /* RealmStorage.swift in Sources */ = {isa = PBXBuildFile; fileRef = 044532EA28E273BB00C0B08F /* RealmStorage.swift */; };
		044532ED28E273C400C0B08F /* DefaultRealmStorage.swift in Sources */ = {isa = PBXBuildFile; fileRef = 044532EC28E273C400C0B08F /* DefaultRealmStorage.swift */; };
		044E9F3428E6ED9A003461FB /* Observable+Extesion.swift in Sources */ = {isa = PBXBuildFile; fileRef = 044E9F3328E6ED9A003461FB /* Observable+Extesion.swift */; };
		044E9F3628E6EDD7003461FB /* RealmResponseType.swift in Sources */ = {isa = PBXBuildFile; fileRef = 044E9F3528E6EDD7003461FB /* RealmResponseType.swift */; };
		045A2F1828AB834600A0E79B /* DefaultNetworkService.swift in Sources */ = {isa = PBXBuildFile; fileRef = 045A2F1728AB834600A0E79B /* DefaultNetworkService.swift */; };
		045A2F1A28AB836A00A0E79B /* NetworkService.swift in Sources */ = {isa = PBXBuildFile; fileRef = 045A2F1928AB836A00A0E79B /* NetworkService.swift */; };
		045A2F1C28AB841B00A0E79B /* EndPoint.swift in Sources */ = {isa = PBXBuildFile; fileRef = 045A2F1B28AB841B00A0E79B /* EndPoint.swift */; };
		045A2F1E28AB848100A0E79B /* ApiDataNetworkConfig.swift in Sources */ = {isa = PBXBuildFile; fileRef = 045A2F1D28AB848100A0E79B /* ApiDataNetworkConfig.swift */; };
		048667FD2841FF51004E7AAE /* AppDelegate.swift in Sources */ = {isa = PBXBuildFile; fileRef = 048667FC2841FF51004E7AAE /* AppDelegate.swift */; };
		048667FF2841FF51004E7AAE /* SceneDelegate.swift in Sources */ = {isa = PBXBuildFile; fileRef = 048667FE2841FF51004E7AAE /* SceneDelegate.swift */; };
		048668062841FF52004E7AAE /* Assets.xcassets in Resources */ = {isa = PBXBuildFile; fileRef = 048668052841FF52004E7AAE /* Assets.xcassets */; };
		048668092841FF52004E7AAE /* LaunchScreen.storyboard in Resources */ = {isa = PBXBuildFile; fileRef = 048668072841FF52004E7AAE /* LaunchScreen.storyboard */; };
		048B782428C24CBD00A33B94 /* UserDefaultsKey.swift in Sources */ = {isa = PBXBuildFile; fileRef = 048B782328C24CBD00A33B94 /* UserDefaultsKey.swift */; };
		04988F6C28ACAA930013D0CF /* NetworkConfigurable.swift in Sources */ = {isa = PBXBuildFile; fileRef = 04988F6B28ACAA930013D0CF /* NetworkConfigurable.swift */; };
		04988F7D28ACEFFA0013D0CF /* Realm in Frameworks */ = {isa = PBXBuildFile; productRef = 04988F7C28ACEFF90013D0CF /* Realm */; };
		04988F7F28ACEFFA0013D0CF /* RealmSwift in Frameworks */ = {isa = PBXBuildFile; productRef = 04988F7E28ACEFFA0013D0CF /* RealmSwift */; };
		04988F8128ADD2110013D0CF /* DefaultMetaInfoRepository.swift in Sources */ = {isa = PBXBuildFile; fileRef = 04988F8028ADD2110013D0CF /* DefaultMetaInfoRepository.swift */; };
		04988F8328ADD3DD0013D0CF /* MetaInfoRepository.swift in Sources */ = {isa = PBXBuildFile; fileRef = 04988F8228ADD3DD0013D0CF /* MetaInfoRepository.swift */; };
		04A3987D28D998CA007D93B7 /* CoordinatorFinishDelegate.swift in Sources */ = {isa = PBXBuildFile; fileRef = 04A3987C28D998CA007D93B7 /* CoordinatorFinishDelegate.swift */; };
		04A3988028D99924007D93B7 /* DefaultAppCoordinator.swift in Sources */ = {isa = PBXBuildFile; fileRef = 04A3987F28D99924007D93B7 /* DefaultAppCoordinator.swift */; };
		04A3988428D99E06007D93B7 /* AppCoordinator.swift in Sources */ = {isa = PBXBuildFile; fileRef = 04A3988328D99E06007D93B7 /* AppCoordinator.swift */; };
		04C3283928EC8210006A47D7 /* RxRealm in Frameworks */ = {isa = PBXBuildFile; productRef = 04C3283828EC8210006A47D7 /* RxRealm */; };
		04D486ED28ABC88600EC2D7B /* DefaultNetworkSessionManager.swift in Sources */ = {isa = PBXBuildFile; fileRef = 04D486EC28ABC88600EC2D7B /* DefaultNetworkSessionManager.swift */; };
		04D486EF28ABC90700EC2D7B /* NetworkSessionManager.swift in Sources */ = {isa = PBXBuildFile; fileRef = 04D486EE28ABC90700EC2D7B /* NetworkSessionManager.swift */; };
		04D486F128ABD98000EC2D7B /* DataTransferService.swift in Sources */ = {isa = PBXBuildFile; fileRef = 04D486F028ABD98000EC2D7B /* DataTransferService.swift */; };
		04D486F328ABDAC000EC2D7B /* DefaultDataTransferService.swift in Sources */ = {isa = PBXBuildFile; fileRef = 04D486F228ABDAC000EC2D7B /* DefaultDataTransferService.swift */; };
		04DA759A28F70B55005325E9 /* FetchSpidUseCase.swift in Sources */ = {isa = PBXBuildFile; fileRef = 04DA759928F70B55005325E9 /* FetchSpidUseCase.swift */; };
		04DA759C28F70B62005325E9 /* DefaultFetchSpidUseCase.swift in Sources */ = {isa = PBXBuildFile; fileRef = 04DA759B28F70B62005325E9 /* DefaultFetchSpidUseCase.swift */; };
		04DC8A37287D89A1006B7AA9 /* IntroViewModel.swift in Sources */ = {isa = PBXBuildFile; fileRef = 04DC8A36287D89A1006B7AA9 /* IntroViewModel.swift */; };
		04F4A31828D2BAFA0000FC61 /* IntroCoordinator.swift in Sources */ = {isa = PBXBuildFile; fileRef = 04F4A31728D2BAFA0000FC61 /* IntroCoordinator.swift */; };
		04F4A31C28D2BB230000FC61 /* DefaultIntroCoordinator.swift in Sources */ = {isa = PBXBuildFile; fileRef = 04F4A31B28D2BB230000FC61 /* DefaultIntroCoordinator.swift */; };
		04F4A32028D2BD7A0000FC61 /* Coordinator.swift in Sources */ = {isa = PBXBuildFile; fileRef = 04F4A31F28D2BD7A0000FC61 /* Coordinator.swift */; };
		04FEEAB428C8EE6100BF005E /* SpidDTO.swift in Sources */ = {isa = PBXBuildFile; fileRef = 04FEEAB328C8EE6100BF005E /* SpidDTO.swift */; };
		E45D6583A29175D4778E2605 /* Pods_FIFAGG.framework in Frameworks */ = {isa = PBXBuildFile; fileRef = 84054AE8F178BAD186DB82FD /* Pods_FIFAGG.framework */; };
/* End PBXBuildFile section */

/* Begin PBXFileReference section */
		0413455A28E2A9D70077D123 /* RMSpid.swift */ = {isa = PBXFileReference; lastKnownFileType = sourcecode.swift; path = RMSpid.swift; sourceTree = "<group>"; };
		0413455E28E2B6170077D123 /* Realm+Extension.swift */ = {isa = PBXFileReference; lastKnownFileType = sourcecode.swift; path = "Realm+Extension.swift"; sourceTree = "<group>"; };
		0413456528E2C9CA0077D123 /* RealmRepresentable.swift */ = {isa = PBXFileReference; lastKnownFileType = sourcecode.swift; path = RealmRepresentable.swift; sourceTree = "<group>"; };
		0415CCF22880143E008967F9 /* ViewModelType.swift */ = {isa = PBXFileReference; lastKnownFileType = sourcecode.swift; path = ViewModelType.swift; sourceTree = "<group>"; };
		04213A0A2869A9E600C50CFC /* IntroViewController.swift */ = {isa = PBXFileReference; lastKnownFileType = sourcecode.swift; path = IntroViewController.swift; sourceTree = "<group>"; };
		043181B528BFAE87000A81C5 /* APIEndpoints.swift */ = {isa = PBXFileReference; lastKnownFileType = sourcecode.swift; path = APIEndpoints.swift; sourceTree = "<group>"; };
		044532EA28E273BB00C0B08F /* RealmStorage.swift */ = {isa = PBXFileReference; lastKnownFileType = sourcecode.swift; path = RealmStorage.swift; sourceTree = "<group>"; };
		044532EC28E273C400C0B08F /* DefaultRealmStorage.swift */ = {isa = PBXFileReference; lastKnownFileType = sourcecode.swift; path = DefaultRealmStorage.swift; sourceTree = "<group>"; };
		044E9F3328E6ED9A003461FB /* Observable+Extesion.swift */ = {isa = PBXFileReference; lastKnownFileType = sourcecode.swift; path = "Observable+Extesion.swift"; sourceTree = "<group>"; };
		044E9F3528E6EDD7003461FB /* RealmResponseType.swift */ = {isa = PBXFileReference; lastKnownFileType = sourcecode.swift; path = RealmResponseType.swift; sourceTree = "<group>"; };
		045A2F1728AB834600A0E79B /* DefaultNetworkService.swift */ = {isa = PBXFileReference; lastKnownFileType = sourcecode.swift; path = DefaultNetworkService.swift; sourceTree = "<group>"; };
		045A2F1928AB836A00A0E79B /* NetworkService.swift */ = {isa = PBXFileReference; lastKnownFileType = sourcecode.swift; path = NetworkService.swift; sourceTree = "<group>"; };
		045A2F1B28AB841B00A0E79B /* EndPoint.swift */ = {isa = PBXFileReference; lastKnownFileType = sourcecode.swift; path = EndPoint.swift; sourceTree = "<group>"; };
		045A2F1D28AB848100A0E79B /* ApiDataNetworkConfig.swift */ = {isa = PBXFileReference; fileEncoding = 4; lastKnownFileType = sourcecode.swift; path = ApiDataNetworkConfig.swift; sourceTree = "<group>"; };
		048667F92841FF51004E7AAE /* FIFAGG.app */ = {isa = PBXFileReference; explicitFileType = wrapper.application; includeInIndex = 0; path = FIFAGG.app; sourceTree = BUILT_PRODUCTS_DIR; };
		048667FC2841FF51004E7AAE /* AppDelegate.swift */ = {isa = PBXFileReference; lastKnownFileType = sourcecode.swift; path = AppDelegate.swift; sourceTree = "<group>"; };
		048667FE2841FF51004E7AAE /* SceneDelegate.swift */ = {isa = PBXFileReference; lastKnownFileType = sourcecode.swift; path = SceneDelegate.swift; sourceTree = "<group>"; };
		048668052841FF52004E7AAE /* Assets.xcassets */ = {isa = PBXFileReference; lastKnownFileType = folder.assetcatalog; path = Assets.xcassets; sourceTree = "<group>"; };
		048668082841FF52004E7AAE /* Base */ = {isa = PBXFileReference; lastKnownFileType = file.storyboard; name = Base; path = Base.lproj/LaunchScreen.storyboard; sourceTree = "<group>"; };
		0486680A2841FF52004E7AAE /* Info.plist */ = {isa = PBXFileReference; lastKnownFileType = text.plist.xml; path = Info.plist; sourceTree = "<group>"; };
		048B782328C24CBD00A33B94 /* UserDefaultsKey.swift */ = {isa = PBXFileReference; lastKnownFileType = sourcecode.swift; path = UserDefaultsKey.swift; sourceTree = "<group>"; };
		04988F6B28ACAA930013D0CF /* NetworkConfigurable.swift */ = {isa = PBXFileReference; lastKnownFileType = sourcecode.swift; path = NetworkConfigurable.swift; sourceTree = "<group>"; };
		04988F8028ADD2110013D0CF /* DefaultMetaInfoRepository.swift */ = {isa = PBXFileReference; lastKnownFileType = sourcecode.swift; path = DefaultMetaInfoRepository.swift; sourceTree = "<group>"; };
		04988F8228ADD3DD0013D0CF /* MetaInfoRepository.swift */ = {isa = PBXFileReference; lastKnownFileType = sourcecode.swift; path = MetaInfoRepository.swift; sourceTree = "<group>"; };
		04A3987C28D998CA007D93B7 /* CoordinatorFinishDelegate.swift */ = {isa = PBXFileReference; lastKnownFileType = sourcecode.swift; path = CoordinatorFinishDelegate.swift; sourceTree = "<group>"; };
		04A3987F28D99924007D93B7 /* DefaultAppCoordinator.swift */ = {isa = PBXFileReference; lastKnownFileType = sourcecode.swift; path = DefaultAppCoordinator.swift; sourceTree = "<group>"; };
		04A3988328D99E06007D93B7 /* AppCoordinator.swift */ = {isa = PBXFileReference; lastKnownFileType = sourcecode.swift; path = AppCoordinator.swift; sourceTree = "<group>"; };
		04D486EC28ABC88600EC2D7B /* DefaultNetworkSessionManager.swift */ = {isa = PBXFileReference; lastKnownFileType = sourcecode.swift; path = DefaultNetworkSessionManager.swift; sourceTree = "<group>"; };
		04D486EE28ABC90700EC2D7B /* NetworkSessionManager.swift */ = {isa = PBXFileReference; lastKnownFileType = sourcecode.swift; path = NetworkSessionManager.swift; sourceTree = "<group>"; };
		04D486F028ABD98000EC2D7B /* DataTransferService.swift */ = {isa = PBXFileReference; lastKnownFileType = sourcecode.swift; path = DataTransferService.swift; sourceTree = "<group>"; };
		04D486F228ABDAC000EC2D7B /* DefaultDataTransferService.swift */ = {isa = PBXFileReference; lastKnownFileType = sourcecode.swift; path = DefaultDataTransferService.swift; sourceTree = "<group>"; };
		04DA759928F70B55005325E9 /* FetchSpidUseCase.swift */ = {isa = PBXFileReference; lastKnownFileType = sourcecode.swift; path = FetchSpidUseCase.swift; sourceTree = "<group>"; };
		04DA759B28F70B62005325E9 /* DefaultFetchSpidUseCase.swift */ = {isa = PBXFileReference; lastKnownFileType = sourcecode.swift; path = DefaultFetchSpidUseCase.swift; sourceTree = "<group>"; };
		04DC8A36287D89A1006B7AA9 /* IntroViewModel.swift */ = {isa = PBXFileReference; lastKnownFileType = sourcecode.swift; path = IntroViewModel.swift; sourceTree = "<group>"; };
		04F4A31728D2BAFA0000FC61 /* IntroCoordinator.swift */ = {isa = PBXFileReference; lastKnownFileType = sourcecode.swift; path = IntroCoordinator.swift; sourceTree = "<group>"; };
		04F4A31B28D2BB230000FC61 /* DefaultIntroCoordinator.swift */ = {isa = PBXFileReference; lastKnownFileType = sourcecode.swift; path = DefaultIntroCoordinator.swift; sourceTree = "<group>"; };
		04F4A31F28D2BD7A0000FC61 /* Coordinator.swift */ = {isa = PBXFileReference; lastKnownFileType = sourcecode.swift; path = Coordinator.swift; sourceTree = "<group>"; };
		04FEEAB328C8EE6100BF005E /* SpidDTO.swift */ = {isa = PBXFileReference; lastKnownFileType = sourcecode.swift; path = SpidDTO.swift; sourceTree = "<group>"; };
		818B3EE41BB674EA2EEE5E86 /* Pods-FIFAGG.debug.xcconfig */ = {isa = PBXFileReference; includeInIndex = 1; lastKnownFileType = text.xcconfig; name = "Pods-FIFAGG.debug.xcconfig"; path = "Target Support Files/Pods-FIFAGG/Pods-FIFAGG.debug.xcconfig"; sourceTree = "<group>"; };
		84054AE8F178BAD186DB82FD /* Pods_FIFAGG.framework */ = {isa = PBXFileReference; explicitFileType = wrapper.framework; includeInIndex = 0; path = Pods_FIFAGG.framework; sourceTree = BUILT_PRODUCTS_DIR; };
		91CB6F709F7EFF08A4C2B5E1 /* Pods-FIFAGG.release.xcconfig */ = {isa = PBXFileReference; includeInIndex = 1; lastKnownFileType = text.xcconfig; name = "Pods-FIFAGG.release.xcconfig"; path = "Target Support Files/Pods-FIFAGG/Pods-FIFAGG.release.xcconfig"; sourceTree = "<group>"; };
/* End PBXFileReference section */

/* Begin PBXFrameworksBuildPhase section */
		048667F62841FF51004E7AAE /* Frameworks */ = {
			isa = PBXFrameworksBuildPhase;
			buildActionMask = 2147483647;
			files = (
				04988F7F28ACEFFA0013D0CF /* RealmSwift in Frameworks */,
				04988F7D28ACEFFA0013D0CF /* Realm in Frameworks */,
				04C3283928EC8210006A47D7 /* RxRealm in Frameworks */,
				E45D6583A29175D4778E2605 /* Pods_FIFAGG.framework in Frameworks */,
			);
			runOnlyForDeploymentPostprocessing = 0;
		};
/* End PBXFrameworksBuildPhase section */

/* Begin PBXGroup section */
		0413455C28E2B3200077D123 /* Utility */ = {
			isa = PBXGroup;
			children = (
				043181B428BFAD59000A81C5 /* Constant */,
				0413455D28E2B3260077D123 /* Extension */,
			);
			path = Utility;
			sourceTree = "<group>";
		};
		0413455D28E2B3260077D123 /* Extension */ = {
			isa = PBXGroup;
			children = (
				0413455E28E2B6170077D123 /* Realm+Extension.swift */,
				044E9F3328E6ED9A003461FB /* Observable+Extesion.swift */,
			);
			path = Extension;
			sourceTree = "<group>";
		};
		0413456228E2B74B0077D123 /* Entity */ = {
			isa = PBXGroup;
			children = (
			);
			path = Entity;
			sourceTree = "<group>";
		};
		0413456728E2C9F40077D123 /* Protocol */ = {
			isa = PBXGroup;
			children = (
				0413456528E2C9CA0077D123 /* RealmRepresentable.swift */,
				044E9F3528E6EDD7003461FB /* RealmResponseType.swift */,
			);
			path = Protocol;
			sourceTree = "<group>";
		};
		0415CCF428801442008967F9 /* Protocol */ = {
			isa = PBXGroup;
			children = (
				0415CCF22880143E008967F9 /* ViewModelType.swift */,
			);
			path = Protocol;
			sourceTree = "<group>";
		};
		04213A0D2869AA0C00C50CFC /* Presentation */ = {
			isa = PBXGroup;
			children = (
				04F4A31E28D2BBF30000FC61 /* Common */,
				04213A0F2869AA4C00C50CFC /* IntroScene */,
			);
			path = Presentation;
			sourceTree = "<group>";
		};
		04213A0F2869AA4C00C50CFC /* IntroScene */ = {
			isa = PBXGroup;
			children = (
				04F4A31928D2BAFE0000FC61 /* Coordinator */,
				04F4A31B28D2BB230000FC61 /* DefaultIntroCoordinator.swift */,
				04A3988528D9A5BA007D93B7 /* ViewController */,
				04A3988628D9A5C2007D93B7 /* ViewModel */,
			);
			path = IntroScene;
			sourceTree = "<group>";
		};
		043181B428BFAD59000A81C5 /* Constant */ = {
			isa = PBXGroup;
			children = (
				048B782328C24CBD00A33B94 /* UserDefaultsKey.swift */,
			);
			path = Constant;
			sourceTree = "<group>";
		};
		04349B9328A54F09002A675C /* Protocol */ = {
			isa = PBXGroup;
			children = (
				04D486F028ABD98000EC2D7B /* DataTransferService.swift */,
				045A2F1928AB836A00A0E79B /* NetworkService.swift */,
				04D486EE28ABC90700EC2D7B /* NetworkSessionManager.swift */,
				04988F6B28ACAA930013D0CF /* NetworkConfigurable.swift */,
			);
			path = Protocol;
			sourceTree = "<group>";
		};
		044532E628E2726200C0B08F /* Realm */ = {
			isa = PBXGroup;
			children = (
				044532E928E273B200C0B08F /* Protocol */,
				044532EC28E273C400C0B08F /* DefaultRealmStorage.swift */,
				044532EE28E2770A00C0B08F /* DataMapping */,
			);
			path = Realm;
			sourceTree = "<group>";
		};
		044532E928E273B200C0B08F /* Protocol */ = {
			isa = PBXGroup;
			children = (
				044532EA28E273BB00C0B08F /* RealmStorage.swift */,
			);
			path = Protocol;
			sourceTree = "<group>";
		};
		044532EE28E2770A00C0B08F /* DataMapping */ = {
			isa = PBXGroup;
			children = (
				0413456728E2C9F40077D123 /* Protocol */,
				0413455A28E2A9D70077D123 /* RMSpid.swift */,
			);
			path = DataMapping;
			sourceTree = "<group>";
		};
		04507D0E28A25C2700B29190 /* Infrastructure */ = {
			isa = PBXGroup;
			children = (
				047D2AA828BDD06000796514 /* Network */,
			);
			path = Infrastructure;
			sourceTree = "<group>";
		};
		047D2AA828BDD06000796514 /* Network */ = {
			isa = PBXGroup;
			children = (
				04349B9328A54F09002A675C /* Protocol */,
				04D486F228ABDAC000EC2D7B /* DefaultDataTransferService.swift */,
				045A2F1728AB834600A0E79B /* DefaultNetworkService.swift */,
				04D486EC28ABC88600EC2D7B /* DefaultNetworkSessionManager.swift */,
				045A2F1D28AB848100A0E79B /* ApiDataNetworkConfig.swift */,
				045A2F1B28AB841B00A0E79B /* EndPoint.swift */,
			);
			path = Network;
			sourceTree = "<group>";
		};
		048667F02841FF51004E7AAE = {
			isa = PBXGroup;
			children = (
				048667FB2841FF51004E7AAE /* FIFAGG */,
				048667FA2841FF51004E7AAE /* Products */,
				201121FCB75B15369A850451 /* Pods */,
				246AC114B457C0AC6AFFCD53 /* Frameworks */,
			);
			sourceTree = "<group>";
		};
		048667FA2841FF51004E7AAE /* Products */ = {
			isa = PBXGroup;
			children = (
				048667F92841FF51004E7AAE /* FIFAGG.app */,
			);
			name = Products;
			sourceTree = "<group>";
		};
		048667FB2841FF51004E7AAE /* FIFAGG */ = {
			isa = PBXGroup;
			children = (
				04A7BAD728C8654E00159C1B /* Application */,
				0413455C28E2B3200077D123 /* Utility */,
				04A3988728D9A90F007D93B7 /* Domain */,
				04213A0D2869AA0C00C50CFC /* Presentation */,
				04CB4E4628AB31D100D7B379 /* Data */,
				04507D0E28A25C2700B29190 /* Infrastructure */,
				04A7BAD828C86B0D00159C1B /* Resources */,
			);
			path = FIFAGG;
			sourceTree = "<group>";
		};
		04988F8428ADD3E40013D0CF /* Protocol */ = {
			isa = PBXGroup;
			children = (
				04988F8228ADD3DD0013D0CF /* MetaInfoRepository.swift */,
			);
			path = Protocol;
			sourceTree = "<group>";
		};
		04A3987B28D99893007D93B7 /* Protocol */ = {
			isa = PBXGroup;
			children = (
				04F4A31F28D2BD7A0000FC61 /* Coordinator.swift */,
				04A3988328D99E06007D93B7 /* AppCoordinator.swift */,
			);
			path = Protocol;
			sourceTree = "<group>";
		};
		04A3987E28D998FF007D93B7 /* Delegation */ = {
			isa = PBXGroup;
			children = (
				04A3987C28D998CA007D93B7 /* CoordinatorFinishDelegate.swift */,
			);
			path = Delegation;
			sourceTree = "<group>";
		};
		04A3988528D9A5BA007D93B7 /* ViewController */ = {
			isa = PBXGroup;
			children = (
				04213A0A2869A9E600C50CFC /* IntroViewController.swift */,
			);
			path = ViewController;
			sourceTree = "<group>";
		};
		04A3988628D9A5C2007D93B7 /* ViewModel */ = {
			isa = PBXGroup;
			children = (
				04DC8A36287D89A1006B7AA9 /* IntroViewModel.swift */,
			);
			path = ViewModel;
			sourceTree = "<group>";
		};
		04A3988728D9A90F007D93B7 /* Domain */ = {
			isa = PBXGroup;
			children = (
				04DA759528F70AF8005325E9 /* Usecase */,
				0413456228E2B74B0077D123 /* Entity */,
			);
			path = Domain;
			sourceTree = "<group>";
		};
		04A7BAD728C8654E00159C1B /* Application */ = {
			isa = PBXGroup;
			children = (
				048667FC2841FF51004E7AAE /* AppDelegate.swift */,
				048667FE2841FF51004E7AAE /* SceneDelegate.swift */,
			);
			path = Application;
			sourceTree = "<group>";
		};
		04A7BAD828C86B0D00159C1B /* Resources */ = {
			isa = PBXGroup;
			children = (
				048668052841FF52004E7AAE /* Assets.xcassets */,
				048668072841FF52004E7AAE /* LaunchScreen.storyboard */,
				0486680A2841FF52004E7AAE /* Info.plist */,
			);
			path = Resources;
			sourceTree = "<group>";
		};
		04CB4E4628AB31D100D7B379 /* Data */ = {
			isa = PBXGroup;
			children = (
				04CB4E4928AB320F00D7B379 /* Repositories */,
				04CB4E4828AB31EC00D7B379 /* Network */,
				04D0028328E1942400CB32A3 /* PersistentStorages */,
			);
			path = Data;
			sourceTree = "<group>";
		};
		04CB4E4828AB31EC00D7B379 /* Network */ = {
			isa = PBXGroup;
			children = (
				043181B528BFAE87000A81C5 /* APIEndpoints.swift */,
				04FEEAB528C8EE6600BF005E /* DataMapping */,
			);
			path = Network;
			sourceTree = "<group>";
		};
		04CB4E4928AB320F00D7B379 /* Repositories */ = {
			isa = PBXGroup;
			children = (
				04988F8428ADD3E40013D0CF /* Protocol */,
				04988F8028ADD2110013D0CF /* DefaultMetaInfoRepository.swift */,
			);
			path = Repositories;
			sourceTree = "<group>";
		};
		04D0028328E1942400CB32A3 /* PersistentStorages */ = {
			isa = PBXGroup;
			children = (
				044532E628E2726200C0B08F /* Realm */,
			);
			path = PersistentStorages;
			sourceTree = "<group>";
		};
		04DA759528F70AF8005325E9 /* Usecase */ = {
			isa = PBXGroup;
			children = (
				04DA759828F70B40005325E9 /* Protocol */,
				04DA759B28F70B62005325E9 /* DefaultFetchSpidUseCase.swift */,
			);
			path = Usecase;
			sourceTree = "<group>";
		};
		04DA759828F70B40005325E9 /* Protocol */ = {
			isa = PBXGroup;
			children = (
				04DA759928F70B55005325E9 /* FetchSpidUseCase.swift */,
			);
			path = Protocol;
			sourceTree = "<group>";
		};
		04F4A31928D2BAFE0000FC61 /* Coordinator */ = {
			isa = PBXGroup;
			children = (
				04F4A31A28D2BB130000FC61 /* Protocol */,
			);
			path = Coordinator;
			sourceTree = "<group>";
		};
		04F4A31A28D2BB130000FC61 /* Protocol */ = {
			isa = PBXGroup;
			children = (
				04F4A31728D2BAFA0000FC61 /* IntroCoordinator.swift */,
			);
			path = Protocol;
			sourceTree = "<group>";
		};
		04F4A31D28D2BBEA0000FC61 /* ViewModel */ = {
			isa = PBXGroup;
			children = (
				0415CCF428801442008967F9 /* Protocol */,
			);
			path = ViewModel;
			sourceTree = "<group>";
		};
		04F4A31E28D2BBF30000FC61 /* Common */ = {
			isa = PBXGroup;
			children = (
				04F4A31D28D2BBEA0000FC61 /* ViewModel */,
				04F4A32128D2BE910000FC61 /* Coordinator */,
			);
			path = Common;
			sourceTree = "<group>";
		};
		04F4A32128D2BE910000FC61 /* Coordinator */ = {
			isa = PBXGroup;
			children = (
				04A3987F28D99924007D93B7 /* DefaultAppCoordinator.swift */,
				04A3987B28D99893007D93B7 /* Protocol */,
				04A3987E28D998FF007D93B7 /* Delegation */,
			);
			path = Coordinator;
			sourceTree = "<group>";
		};
		04FEEAB528C8EE6600BF005E /* DataMapping */ = {
			isa = PBXGroup;
			children = (
				04FEEAB328C8EE6100BF005E /* SpidDTO.swift */,
			);
			path = DataMapping;
			sourceTree = "<group>";
		};
		201121FCB75B15369A850451 /* Pods */ = {
			isa = PBXGroup;
			children = (
				818B3EE41BB674EA2EEE5E86 /* Pods-FIFAGG.debug.xcconfig */,
				91CB6F709F7EFF08A4C2B5E1 /* Pods-FIFAGG.release.xcconfig */,
			);
			path = Pods;
			sourceTree = "<group>";
		};
		246AC114B457C0AC6AFFCD53 /* Frameworks */ = {
			isa = PBXGroup;
			children = (
				84054AE8F178BAD186DB82FD /* Pods_FIFAGG.framework */,
			);
			name = Frameworks;
			sourceTree = "<group>";
		};
/* End PBXGroup section */

/* Begin PBXNativeTarget section */
		048667F82841FF51004E7AAE /* FIFAGG */ = {
			isa = PBXNativeTarget;
			buildConfigurationList = 0486680D2841FF52004E7AAE /* Build configuration list for PBXNativeTarget "FIFAGG" */;
			buildPhases = (
				57E6A3C6A46E316CB85057A9 /* [CP] Check Pods Manifest.lock */,
				048667F52841FF51004E7AAE /* Sources */,
				048667F62841FF51004E7AAE /* Frameworks */,
				048667F72841FF51004E7AAE /* Resources */,
				A2283F229042C3B1330FAF8F /* [CP] Embed Pods Frameworks */,
			);
			buildRules = (
			);
			dependencies = (
			);
			name = FIFAGG;
			packageProductDependencies = (
				04988F7C28ACEFF90013D0CF /* Realm */,
				04988F7E28ACEFFA0013D0CF /* RealmSwift */,
				04C3283828EC8210006A47D7 /* RxRealm */,
			);
			productName = FIFAGG;
			productReference = 048667F92841FF51004E7AAE /* FIFAGG.app */;
			productType = "com.apple.product-type.application";
		};
/* End PBXNativeTarget section */

/* Begin PBXProject section */
		048667F12841FF51004E7AAE /* Project object */ = {
			isa = PBXProject;
			attributes = {
				BuildIndependentTargetsInParallel = 1;
				LastSwiftUpdateCheck = 1320;
				LastUpgradeCheck = 1320;
				TargetAttributes = {
					048667F82841FF51004E7AAE = {
						CreatedOnToolsVersion = 13.2.1;
					};
				};
			};
			buildConfigurationList = 048667F42841FF51004E7AAE /* Build configuration list for PBXProject "FIFAGG" */;
			compatibilityVersion = "Xcode 13.0";
			developmentRegion = en;
			hasScannedForEncodings = 0;
			knownRegions = (
				en,
				Base,
			);
			mainGroup = 048667F02841FF51004E7AAE;
			packageReferences = (
				04988F7B28ACEFF90013D0CF /* XCRemoteSwiftPackageReference "realm-swift" */,
				04C3283728EC8210006A47D7 /* XCRemoteSwiftPackageReference "RxRealm" */,
			);
			productRefGroup = 048667FA2841FF51004E7AAE /* Products */;
			projectDirPath = "";
			projectRoot = "";
			targets = (
				048667F82841FF51004E7AAE /* FIFAGG */,
			);
		};
/* End PBXProject section */

/* Begin PBXResourcesBuildPhase section */
		048667F72841FF51004E7AAE /* Resources */ = {
			isa = PBXResourcesBuildPhase;
			buildActionMask = 2147483647;
			files = (
				048668092841FF52004E7AAE /* LaunchScreen.storyboard in Resources */,
				048668062841FF52004E7AAE /* Assets.xcassets in Resources */,
			);
			runOnlyForDeploymentPostprocessing = 0;
		};
/* End PBXResourcesBuildPhase section */

/* Begin PBXShellScriptBuildPhase section */
		57E6A3C6A46E316CB85057A9 /* [CP] Check Pods Manifest.lock */ = {
			isa = PBXShellScriptBuildPhase;
			buildActionMask = 2147483647;
			files = (
			);
			inputFileListPaths = (
			);
			inputPaths = (
				"${PODS_PODFILE_DIR_PATH}/Podfile.lock",
				"${PODS_ROOT}/Manifest.lock",
			);
			name = "[CP] Check Pods Manifest.lock";
			outputFileListPaths = (
			);
			outputPaths = (
				"$(DERIVED_FILE_DIR)/Pods-FIFAGG-checkManifestLockResult.txt",
			);
			runOnlyForDeploymentPostprocessing = 0;
			shellPath = /bin/sh;
			shellScript = "diff \"${PODS_PODFILE_DIR_PATH}/Podfile.lock\" \"${PODS_ROOT}/Manifest.lock\" > /dev/null\nif [ $? != 0 ] ; then\n    # print error to STDERR\n    echo \"error: The sandbox is not in sync with the Podfile.lock. Run 'pod install' or update your CocoaPods installation.\" >&2\n    exit 1\nfi\n# This output is used by Xcode 'outputs' to avoid re-running this script phase.\necho \"SUCCESS\" > \"${SCRIPT_OUTPUT_FILE_0}\"\n";
			showEnvVarsInLog = 0;
		};
		A2283F229042C3B1330FAF8F /* [CP] Embed Pods Frameworks */ = {
			isa = PBXShellScriptBuildPhase;
			buildActionMask = 2147483647;
			files = (
			);
			inputFileListPaths = (
				"${PODS_ROOT}/Target Support Files/Pods-FIFAGG/Pods-FIFAGG-frameworks-${CONFIGURATION}-input-files.xcfilelist",
			);
			name = "[CP] Embed Pods Frameworks";
			outputFileListPaths = (
				"${PODS_ROOT}/Target Support Files/Pods-FIFAGG/Pods-FIFAGG-frameworks-${CONFIGURATION}-output-files.xcfilelist",
			);
			runOnlyForDeploymentPostprocessing = 0;
			shellPath = /bin/sh;
			shellScript = "\"${PODS_ROOT}/Target Support Files/Pods-FIFAGG/Pods-FIFAGG-frameworks.sh\"\n";
			showEnvVarsInLog = 0;
		};
/* End PBXShellScriptBuildPhase section */

/* Begin PBXSourcesBuildPhase section */
		048667F52841FF51004E7AAE /* Sources */ = {
			isa = PBXSourcesBuildPhase;
			buildActionMask = 2147483647;
			files = (
				045A2F1E28AB848100A0E79B /* ApiDataNetworkConfig.swift in Sources */,
				045A2F1C28AB841B00A0E79B /* EndPoint.swift in Sources */,
				04A3988428D99E06007D93B7 /* AppCoordinator.swift in Sources */,
				04A3987D28D998CA007D93B7 /* CoordinatorFinishDelegate.swift in Sources */,
				04988F8128ADD2110013D0CF /* DefaultMetaInfoRepository.swift in Sources */,
				048B782428C24CBD00A33B94 /* UserDefaultsKey.swift in Sources */,
				045A2F1828AB834600A0E79B /* DefaultNetworkService.swift in Sources */,
				04213A0B2869A9E600C50CFC /* IntroViewController.swift in Sources */,
				04D486F328ABDAC000EC2D7B /* DefaultDataTransferService.swift in Sources */,
				0415CCF32880143E008967F9 /* ViewModelType.swift in Sources */,
				04F4A31C28D2BB230000FC61 /* DefaultIntroCoordinator.swift in Sources */,
				048667FD2841FF51004E7AAE /* AppDelegate.swift in Sources */,
				04988F6C28ACAA930013D0CF /* NetworkConfigurable.swift in Sources */,
				044E9F3428E6ED9A003461FB /* Observable+Extesion.swift in Sources */,
				043181B628BFAE87000A81C5 /* APIEndpoints.swift in Sources */,
				048667FF2841FF51004E7AAE /* SceneDelegate.swift in Sources */,
				04A3988028D99924007D93B7 /* DefaultAppCoordinator.swift in Sources */,
				044532ED28E273C400C0B08F /* DefaultRealmStorage.swift in Sources */,
				04FEEAB428C8EE6100BF005E /* SpidDTO.swift in Sources */,
				0413455B28E2A9D70077D123 /* RMSpid.swift in Sources */,
				044E9F3628E6EDD7003461FB /* RealmResponseType.swift in Sources */,
				04988F8328ADD3DD0013D0CF /* MetaInfoRepository.swift in Sources */,
				04DA759C28F70B62005325E9 /* DefaultFetchSpidUseCase.swift in Sources */,
				04D486ED28ABC88600EC2D7B /* DefaultNetworkSessionManager.swift in Sources */,
				0413455F28E2B6170077D123 /* Realm+Extension.swift in Sources */,
				044532EB28E273BB00C0B08F /* RealmStorage.swift in Sources */,
				04F4A32028D2BD7A0000FC61 /* Coordinator.swift in Sources */,
				045A2F1A28AB836A00A0E79B /* NetworkService.swift in Sources */,
				04DC8A37287D89A1006B7AA9 /* IntroViewModel.swift in Sources */,
				04D486EF28ABC90700EC2D7B /* NetworkSessionManager.swift in Sources */,
				04D486F128ABD98000EC2D7B /* DataTransferService.swift in Sources */,
				0413456628E2C9CA0077D123 /* RealmRepresentable.swift in Sources */,
				04DA759A28F70B55005325E9 /* FetchSpidUseCase.swift in Sources */,
				04F4A31828D2BAFA0000FC61 /* IntroCoordinator.swift in Sources */,
			);
			runOnlyForDeploymentPostprocessing = 0;
		};
/* End PBXSourcesBuildPhase section */

/* Begin PBXVariantGroup section */
		048668072841FF52004E7AAE /* LaunchScreen.storyboard */ = {
			isa = PBXVariantGroup;
			children = (
				048668082841FF52004E7AAE /* Base */,
			);
			name = LaunchScreen.storyboard;
			sourceTree = "<group>";
		};
/* End PBXVariantGroup section */

/* Begin XCBuildConfiguration section */
		0486680B2841FF52004E7AAE /* Debug */ = {
			isa = XCBuildConfiguration;
			buildSettings = {
				ALWAYS_SEARCH_USER_PATHS = NO;
				CLANG_ANALYZER_NONNULL = YES;
				CLANG_ANALYZER_NUMBER_OBJECT_CONVERSION = YES_AGGRESSIVE;
				CLANG_CXX_LANGUAGE_STANDARD = "gnu++17";
				CLANG_CXX_LIBRARY = "libc++";
				CLANG_ENABLE_MODULES = YES;
				CLANG_ENABLE_OBJC_ARC = YES;
				CLANG_ENABLE_OBJC_WEAK = YES;
				CLANG_WARN_BLOCK_CAPTURE_AUTORELEASING = YES;
				CLANG_WARN_BOOL_CONVERSION = YES;
				CLANG_WARN_COMMA = YES;
				CLANG_WARN_CONSTANT_CONVERSION = YES;
				CLANG_WARN_DEPRECATED_OBJC_IMPLEMENTATIONS = YES;
				CLANG_WARN_DIRECT_OBJC_ISA_USAGE = YES_ERROR;
				CLANG_WARN_DOCUMENTATION_COMMENTS = YES;
				CLANG_WARN_EMPTY_BODY = YES;
				CLANG_WARN_ENUM_CONVERSION = YES;
				CLANG_WARN_INFINITE_RECURSION = YES;
				CLANG_WARN_INT_CONVERSION = YES;
				CLANG_WARN_NON_LITERAL_NULL_CONVERSION = YES;
				CLANG_WARN_OBJC_IMPLICIT_RETAIN_SELF = YES;
				CLANG_WARN_OBJC_LITERAL_CONVERSION = YES;
				CLANG_WARN_OBJC_ROOT_CLASS = YES_ERROR;
				CLANG_WARN_QUOTED_INCLUDE_IN_FRAMEWORK_HEADER = YES;
				CLANG_WARN_RANGE_LOOP_ANALYSIS = YES;
				CLANG_WARN_STRICT_PROTOTYPES = YES;
				CLANG_WARN_SUSPICIOUS_MOVE = YES;
				CLANG_WARN_UNGUARDED_AVAILABILITY = YES_AGGRESSIVE;
				CLANG_WARN_UNREACHABLE_CODE = YES;
				CLANG_WARN__DUPLICATE_METHOD_MATCH = YES;
				COPY_PHASE_STRIP = NO;
				DEBUG_INFORMATION_FORMAT = dwarf;
				ENABLE_STRICT_OBJC_MSGSEND = YES;
				ENABLE_TESTABILITY = YES;
				GCC_C_LANGUAGE_STANDARD = gnu11;
				GCC_DYNAMIC_NO_PIC = NO;
				GCC_NO_COMMON_BLOCKS = YES;
				GCC_OPTIMIZATION_LEVEL = 0;
				GCC_PREPROCESSOR_DEFINITIONS = (
					"DEBUG=1",
					"$(inherited)",
				);
				GCC_WARN_64_TO_32_BIT_CONVERSION = YES;
				GCC_WARN_ABOUT_RETURN_TYPE = YES_ERROR;
				GCC_WARN_UNDECLARED_SELECTOR = YES;
				GCC_WARN_UNINITIALIZED_AUTOS = YES_AGGRESSIVE;
				GCC_WARN_UNUSED_FUNCTION = YES;
				GCC_WARN_UNUSED_VARIABLE = YES;
				IPHONEOS_DEPLOYMENT_TARGET = 14.0;
				MTL_ENABLE_DEBUG_INFO = INCLUDE_SOURCE;
				MTL_FAST_MATH = YES;
				ONLY_ACTIVE_ARCH = YES;
				SDKROOT = iphoneos;
				SWIFT_ACTIVE_COMPILATION_CONDITIONS = DEBUG;
				SWIFT_OPTIMIZATION_LEVEL = "-Onone";
			};
			name = Debug;
		};
		0486680C2841FF52004E7AAE /* Release */ = {
			isa = XCBuildConfiguration;
			buildSettings = {
				ALWAYS_SEARCH_USER_PATHS = NO;
				CLANG_ANALYZER_NONNULL = YES;
				CLANG_ANALYZER_NUMBER_OBJECT_CONVERSION = YES_AGGRESSIVE;
				CLANG_CXX_LANGUAGE_STANDARD = "gnu++17";
				CLANG_CXX_LIBRARY = "libc++";
				CLANG_ENABLE_MODULES = YES;
				CLANG_ENABLE_OBJC_ARC = YES;
				CLANG_ENABLE_OBJC_WEAK = YES;
				CLANG_WARN_BLOCK_CAPTURE_AUTORELEASING = YES;
				CLANG_WARN_BOOL_CONVERSION = YES;
				CLANG_WARN_COMMA = YES;
				CLANG_WARN_CONSTANT_CONVERSION = YES;
				CLANG_WARN_DEPRECATED_OBJC_IMPLEMENTATIONS = YES;
				CLANG_WARN_DIRECT_OBJC_ISA_USAGE = YES_ERROR;
				CLANG_WARN_DOCUMENTATION_COMMENTS = YES;
				CLANG_WARN_EMPTY_BODY = YES;
				CLANG_WARN_ENUM_CONVERSION = YES;
				CLANG_WARN_INFINITE_RECURSION = YES;
				CLANG_WARN_INT_CONVERSION = YES;
				CLANG_WARN_NON_LITERAL_NULL_CONVERSION = YES;
				CLANG_WARN_OBJC_IMPLICIT_RETAIN_SELF = YES;
				CLANG_WARN_OBJC_LITERAL_CONVERSION = YES;
				CLANG_WARN_OBJC_ROOT_CLASS = YES_ERROR;
				CLANG_WARN_QUOTED_INCLUDE_IN_FRAMEWORK_HEADER = YES;
				CLANG_WARN_RANGE_LOOP_ANALYSIS = YES;
				CLANG_WARN_STRICT_PROTOTYPES = YES;
				CLANG_WARN_SUSPICIOUS_MOVE = YES;
				CLANG_WARN_UNGUARDED_AVAILABILITY = YES_AGGRESSIVE;
				CLANG_WARN_UNREACHABLE_CODE = YES;
				CLANG_WARN__DUPLICATE_METHOD_MATCH = YES;
				COPY_PHASE_STRIP = NO;
				DEBUG_INFORMATION_FORMAT = "dwarf-with-dsym";
				ENABLE_NS_ASSERTIONS = NO;
				ENABLE_STRICT_OBJC_MSGSEND = YES;
				GCC_C_LANGUAGE_STANDARD = gnu11;
				GCC_NO_COMMON_BLOCKS = YES;
				GCC_WARN_64_TO_32_BIT_CONVERSION = YES;
				GCC_WARN_ABOUT_RETURN_TYPE = YES_ERROR;
				GCC_WARN_UNDECLARED_SELECTOR = YES;
				GCC_WARN_UNINITIALIZED_AUTOS = YES_AGGRESSIVE;
				GCC_WARN_UNUSED_FUNCTION = YES;
				GCC_WARN_UNUSED_VARIABLE = YES;
				IPHONEOS_DEPLOYMENT_TARGET = 14.0;
				MTL_ENABLE_DEBUG_INFO = NO;
				MTL_FAST_MATH = YES;
				SDKROOT = iphoneos;
				SWIFT_COMPILATION_MODE = wholemodule;
				SWIFT_OPTIMIZATION_LEVEL = "-O";
				VALIDATE_PRODUCT = YES;
			};
			name = Release;
		};
		0486680E2841FF52004E7AAE /* Debug */ = {
			isa = XCBuildConfiguration;
			baseConfigurationReference = 818B3EE41BB674EA2EEE5E86 /* Pods-FIFAGG.debug.xcconfig */;
			buildSettings = {
				ASSETCATALOG_COMPILER_APPICON_NAME = AppIcon;
				ASSETCATALOG_COMPILER_GLOBAL_ACCENT_COLOR_NAME = AccentColor;
				CODE_SIGN_STYLE = Automatic;
				CURRENT_PROJECT_VERSION = 1;
				DEVELOPMENT_TEAM = BAT7Y9H9TP;
				GENERATE_INFOPLIST_FILE = YES;
				INFOPLIST_FILE = FIFAGG/Resources/Info.plist;
				INFOPLIST_KEY_UIApplicationSupportsIndirectInputEvents = YES;
				INFOPLIST_KEY_UILaunchStoryboardName = LaunchScreen;
				INFOPLIST_KEY_UISupportedInterfaceOrientations_iPad = "UIInterfaceOrientationPortrait UIInterfaceOrientationPortraitUpsideDown UIInterfaceOrientationLandscapeLeft UIInterfaceOrientationLandscapeRight";
				INFOPLIST_KEY_UISupportedInterfaceOrientations_iPhone = "UIInterfaceOrientationPortrait UIInterfaceOrientationLandscapeLeft UIInterfaceOrientationLandscapeRight";
				LD_RUNPATH_SEARCH_PATHS = (
					"$(inherited)",
					"@executable_path/Frameworks",
				);
				MARKETING_VERSION = 1.0;
				PRODUCT_BUNDLE_IDENTIFIER = "kr.ac.kpu.-.FIFAGG";
				PRODUCT_NAME = "$(TARGET_NAME)";
				SWIFT_EMIT_LOC_STRINGS = YES;
				SWIFT_VERSION = 5.0;
				TARGETED_DEVICE_FAMILY = "1,2";
			};
			name = Debug;
		};
		0486680F2841FF52004E7AAE /* Release */ = {
			isa = XCBuildConfiguration;
			baseConfigurationReference = 91CB6F709F7EFF08A4C2B5E1 /* Pods-FIFAGG.release.xcconfig */;
			buildSettings = {
				ASSETCATALOG_COMPILER_APPICON_NAME = AppIcon;
				ASSETCATALOG_COMPILER_GLOBAL_ACCENT_COLOR_NAME = AccentColor;
				CODE_SIGN_STYLE = Automatic;
				CURRENT_PROJECT_VERSION = 1;
				DEVELOPMENT_TEAM = BAT7Y9H9TP;
				GENERATE_INFOPLIST_FILE = YES;
				INFOPLIST_FILE = FIFAGG/Resources/Info.plist;
				INFOPLIST_KEY_UIApplicationSupportsIndirectInputEvents = YES;
				INFOPLIST_KEY_UILaunchStoryboardName = LaunchScreen;
				INFOPLIST_KEY_UISupportedInterfaceOrientations_iPad = "UIInterfaceOrientationPortrait UIInterfaceOrientationPortraitUpsideDown UIInterfaceOrientationLandscapeLeft UIInterfaceOrientationLandscapeRight";
				INFOPLIST_KEY_UISupportedInterfaceOrientations_iPhone = "UIInterfaceOrientationPortrait UIInterfaceOrientationLandscapeLeft UIInterfaceOrientationLandscapeRight";
				LD_RUNPATH_SEARCH_PATHS = (
					"$(inherited)",
					"@executable_path/Frameworks",
				);
				MARKETING_VERSION = 1.0;
				PRODUCT_BUNDLE_IDENTIFIER = "kr.ac.kpu.-.FIFAGG";
				PRODUCT_NAME = "$(TARGET_NAME)";
				SWIFT_EMIT_LOC_STRINGS = YES;
				SWIFT_VERSION = 5.0;
				TARGETED_DEVICE_FAMILY = "1,2";
			};
			name = Release;
		};
/* End XCBuildConfiguration section */

/* Begin XCConfigurationList section */
		048667F42841FF51004E7AAE /* Build configuration list for PBXProject "FIFAGG" */ = {
			isa = XCConfigurationList;
			buildConfigurations = (
				0486680B2841FF52004E7AAE /* Debug */,
				0486680C2841FF52004E7AAE /* Release */,
			);
			defaultConfigurationIsVisible = 0;
			defaultConfigurationName = Release;
		};
		0486680D2841FF52004E7AAE /* Build configuration list for PBXNativeTarget "FIFAGG" */ = {
			isa = XCConfigurationList;
			buildConfigurations = (
				0486680E2841FF52004E7AAE /* Debug */,
				0486680F2841FF52004E7AAE /* Release */,
			);
			defaultConfigurationIsVisible = 0;
			defaultConfigurationName = Release;
		};
/* End XCConfigurationList section */

/* Begin XCRemoteSwiftPackageReference section */
		04988F7B28ACEFF90013D0CF /* XCRemoteSwiftPackageReference "realm-swift" */ = {
			isa = XCRemoteSwiftPackageReference;
			repositoryURL = "https://github.com/realm/realm-swift";
			requirement = {
				branch = master;
				kind = branch;
			};
		};
		04C3283728EC8210006A47D7 /* XCRemoteSwiftPackageReference "RxRealm" */ = {
			isa = XCRemoteSwiftPackageReference;
			repositoryURL = "https://github.com/RxSwiftCommunity/RxRealm";
			requirement = {
				branch = main;
				kind = branch;
			};
		};
/* End XCRemoteSwiftPackageReference section */

/* Begin XCSwiftPackageProductDependency section */
		04988F7C28ACEFF90013D0CF /* Realm */ = {
			isa = XCSwiftPackageProductDependency;
			package = 04988F7B28ACEFF90013D0CF /* XCRemoteSwiftPackageReference "realm-swift" */;
			productName = Realm;
		};
		04988F7E28ACEFFA0013D0CF /* RealmSwift */ = {
			isa = XCSwiftPackageProductDependency;
			package = 04988F7B28ACEFF90013D0CF /* XCRemoteSwiftPackageReference "realm-swift" */;
			productName = RealmSwift;
		};
		04C3283828EC8210006A47D7 /* RxRealm */ = {
			isa = XCSwiftPackageProductDependency;
			package = 04C3283728EC8210006A47D7 /* XCRemoteSwiftPackageReference "RxRealm" */;
			productName = RxRealm;
		};
/* End XCSwiftPackageProductDependency section */
	};
	rootObject = 048667F12841FF51004E7AAE /* Project object */;
}
