{
  "pins" : [
    {
      "identity" : "realm-core",
      "kind" : "remoteSourceControl",
      "location" : "https://github.com/realm/realm-core.git",
      "state" : {
        "revision" : "b77443ca7fa25407869ca537bf3ae912b1427bff",
        "version" : "12.13.0"
      }
    },
    {
      "identity" : "realm-swift",
      "kind" : "remoteSourceControl",
      "location" : "https://github.com/realm/realm-swift",
      "state" : {
        "branch" : "master",
        "revision" : "3c22502853e28239250266487f9d4057b98b4873"
      }
    },
    {
      "identity" : "rxrealm",
      "kind" : "remoteSourceControl",
      "location" : "https://github.com/RxSwiftCommunity/RxRealm",
      "state" : {
        "branch" : "main",
        "revision" : "5431fe18e341c41b9eeb56cf68e709ba8e54d4c9"
      }
    },
    {
      "identity" : "rxswift",
      "kind" : "remoteSourceControl",
      "location" : "https://github.com/ReactiveX/RxSwift.git",
      "state" : {
        "revision" : "b4307ba0b6425c0ba4178e138799946c3da594f8",
        "version" : "6.5.0"
      }
    }
  ],
  "version" : 2
}
